// !$*UTF8*$!
{
	archiveVersion = 1;
	classes = {
	};
	objectVersion = 56;
	objects = {

/* Begin PBXBuildFile section */
		939E599229D9EE9B00BAD227 /* AddProjectModal.swift in Sources */ = {isa = PBXBuildFile; fileRef = 939E599129D9EE9B00BAD227 /* AddProjectModal.swift */; };
		939E599429DAC03C00BAD227 /* CreateProjectView.swift in Sources */ = {isa = PBXBuildFile; fileRef = 939E599329DAC03C00BAD227 /* CreateProjectView.swift */; };
		93DA6DB029D6B33000DAD2B6 /* GDDeezNutzApp.swift in Sources */ = {isa = PBXBuildFile; fileRef = 93DA6DAF29D6B33000DAD2B6 /* GDDeezNutzApp.swift */; };
		93DA6DB229D6B33000DAD2B6 /* ContentView.swift in Sources */ = {isa = PBXBuildFile; fileRef = 93DA6DB129D6B33000DAD2B6 /* ContentView.swift */; };
		93DA6DB429D6B33100DAD2B6 /* Assets.xcassets in Resources */ = {isa = PBXBuildFile; fileRef = 93DA6DB329D6B33100DAD2B6 /* Assets.xcassets */; };
		93DA6DB729D6B33100DAD2B6 /* Preview Assets.xcassets in Resources */ = {isa = PBXBuildFile; fileRef = 93DA6DB629D6B33100DAD2B6 /* Preview Assets.xcassets */; };
		93DA6DBE29D6B8F400DAD2B6 /* MainHeaderView.swift in Sources */ = {isa = PBXBuildFile; fileRef = 93DA6DBD29D6B8F400DAD2B6 /* MainHeaderView.swift */; };
		93DA6DC029D6C00500DAD2B6 /* HomeCardsView.swift in Sources */ = {isa = PBXBuildFile; fileRef = 93DA6DBF29D6C00500DAD2B6 /* HomeCardsView.swift */; };
		93DA6DC329D6C0C000DAD2B6 /* Projects.swift in Sources */ = {isa = PBXBuildFile; fileRef = 93DA6DC229D6C0C000DAD2B6 /* Projects.swift */; };
		93DA6DC529D6D86700DAD2B6 /* WhatsNext.swift in Sources */ = {isa = PBXBuildFile; fileRef = 93DA6DC429D6D86700DAD2B6 /* WhatsNext.swift */; };
/* End PBXBuildFile section */

/* Begin PBXFileReference section */
		939E599129D9EE9B00BAD227 /* AddProjectModal.swift */ = {isa = PBXFileReference; lastKnownFileType = sourcecode.swift; path = AddProjectModal.swift; sourceTree = "<group>"; };
		939E599329DAC03C00BAD227 /* CreateProjectView.swift */ = {isa = PBXFileReference; lastKnownFileType = sourcecode.swift; path = CreateProjectView.swift; sourceTree = "<group>"; };
		93DA6DAC29D6B33000DAD2B6 /* GDDeezNutz.app */ = {isa = PBXFileReference; explicitFileType = wrapper.application; includeInIndex = 0; path = GDDeezNutz.app; sourceTree = BUILT_PRODUCTS_DIR; };
		93DA6DAF29D6B33000DAD2B6 /* GDDeezNutzApp.swift */ = {isa = PBXFileReference; lastKnownFileType = sourcecode.swift; path = GDDeezNutzApp.swift; sourceTree = "<group>"; };
		93DA6DB129D6B33000DAD2B6 /* ContentView.swift */ = {isa = PBXFileReference; lastKnownFileType = sourcecode.swift; path = ContentView.swift; sourceTree = "<group>"; };
		93DA6DB329D6B33100DAD2B6 /* Assets.xcassets */ = {isa = PBXFileReference; lastKnownFileType = folder.assetcatalog; path = Assets.xcassets; sourceTree = "<group>"; };
		93DA6DB629D6B33100DAD2B6 /* Preview Assets.xcassets */ = {isa = PBXFileReference; lastKnownFileType = folder.assetcatalog; path = "Preview Assets.xcassets"; sourceTree = "<group>"; };
		93DA6DBD29D6B8F400DAD2B6 /* MainHeaderView.swift */ = {isa = PBXFileReference; lastKnownFileType = sourcecode.swift; path = MainHeaderView.swift; sourceTree = "<group>"; };
		93DA6DBF29D6C00500DAD2B6 /* HomeCardsView.swift */ = {isa = PBXFileReference; lastKnownFileType = sourcecode.swift; path = HomeCardsView.swift; sourceTree = "<group>"; };
		93DA6DC229D6C0C000DAD2B6 /* Projects.swift */ = {isa = PBXFileReference; lastKnownFileType = sourcecode.swift; path = Projects.swift; sourceTree = "<group>"; };
		93DA6DC429D6D86700DAD2B6 /* WhatsNext.swift */ = {isa = PBXFileReference; lastKnownFileType = sourcecode.swift; path = WhatsNext.swift; sourceTree = "<group>"; };
/* End PBXFileReference section */

/* Begin PBXFrameworksBuildPhase section */
		93DA6DA929D6B33000DAD2B6 /* Frameworks */ = {
			isa = PBXFrameworksBuildPhase;
			buildActionMask = 2147483647;
			files = (
			);
			runOnlyForDeploymentPostprocessing = 0;
		};
/* End PBXFrameworksBuildPhase section */

/* Begin PBXGroup section */
		93DA6DA329D6B33000DAD2B6 = {
			isa = PBXGroup;
			children = (
				93DA6DAE29D6B33000DAD2B6 /* GDDeezNutz */,
				93DA6DAD29D6B33000DAD2B6 /* Products */,
			);
			sourceTree = "<group>";
		};
		93DA6DAD29D6B33000DAD2B6 /* Products */ = {
			isa = PBXGroup;
			children = (
				93DA6DAC29D6B33000DAD2B6 /* GDDeezNutz.app */,
			);
			name = Products;
			sourceTree = "<group>";
		};
		93DA6DAE29D6B33000DAD2B6 /* GDDeezNutz */ = {
			isa = PBXGroup;
			children = (
				93DA6DAF29D6B33000DAD2B6 /* GDDeezNutzApp.swift */,
				93DA6DB129D6B33000DAD2B6 /* ContentView.swift */,
				93DA6DC429D6D86700DAD2B6 /* WhatsNext.swift */,
				93DA6DBF29D6C00500DAD2B6 /* HomeCardsView.swift */,
				93DA6DC129D6C08300DAD2B6 /* Models */,
				93DA6DB329D6B33100DAD2B6 /* Assets.xcassets */,
				93DA6DB529D6B33100DAD2B6 /* Preview Content */,
				93DA6DBD29D6B8F400DAD2B6 /* MainHeaderView.swift */,
				939E599129D9EE9B00BAD227 /* AddProjectModal.swift */,
				939E599329DAC03C00BAD227 /* CreateProjectView.swift */,
			);
			path = GDDeezNutz;
			sourceTree = "<group>";
		};
		93DA6DB529D6B33100DAD2B6 /* Preview Content */ = {
			isa = PBXGroup;
			children = (
				93DA6DB629D6B33100DAD2B6 /* Preview Assets.xcassets */,
			);
			path = "Preview Content";
			sourceTree = "<group>";
		};
		93DA6DC129D6C08300DAD2B6 /* Models */ = {
			isa = PBXGroup;
			children = (
				93DA6DC229D6C0C000DAD2B6 /* Projects.swift */,
			);
			path = Models;
			sourceTree = "<group>";
		};
/* End PBXGroup section */

/* Begin PBXNativeTarget section */
		93DA6DAB29D6B33000DAD2B6 /* GDDeezNutz */ = {
			isa = PBXNativeTarget;
			buildConfigurationList = 93DA6DBA29D6B33100DAD2B6 /* Build configuration list for PBXNativeTarget "GDDeezNutz" */;
			buildPhases = (
				93DA6DA829D6B33000DAD2B6 /* Sources */,
				93DA6DA929D6B33000DAD2B6 /* Frameworks */,
				93DA6DAA29D6B33000DAD2B6 /* Resources */,
			);
			buildRules = (
			);
			dependencies = (
			);
			name = GDDeezNutz;
			productName = GDDeezNutz;
			productReference = 93DA6DAC29D6B33000DAD2B6 /* GDDeezNutz.app */;
			productType = "com.apple.product-type.application";
		};
/* End PBXNativeTarget section */

/* Begin PBXProject section */
		93DA6DA429D6B33000DAD2B6 /* Project object */ = {
			isa = PBXProject;
			attributes = {
				BuildIndependentTargetsInParallel = 1;
				LastSwiftUpdateCheck = 1420;
				LastUpgradeCheck = 1420;
				TargetAttributes = {
					93DA6DAB29D6B33000DAD2B6 = {
						CreatedOnToolsVersion = 14.2;
					};
				};
			};
			buildConfigurationList = 93DA6DA729D6B33000DAD2B6 /* Build configuration list for PBXProject "GDDeezNutz" */;
			compatibilityVersion = "Xcode 14.0";
			developmentRegion = en;
			hasScannedForEncodings = 0;
			knownRegions = (
				en,
				Base,
			);
			mainGroup = 93DA6DA329D6B33000DAD2B6;
			productRefGroup = 93DA6DAD29D6B33000DAD2B6 /* Products */;
			projectDirPath = "";
			projectRoot = "";
			targets = (
				93DA6DAB29D6B33000DAD2B6 /* GDDeezNutz */,
			);
		};
/* End PBXProject section */

/* Begin PBXResourcesBuildPhase section */
		93DA6DAA29D6B33000DAD2B6 /* Resources */ = {
			isa = PBXResourcesBuildPhase;
			buildActionMask = 2147483647;
			files = (
				93DA6DB729D6B33100DAD2B6 /* Preview Assets.xcassets in Resources */,
				93DA6DB429D6B33100DAD2B6 /* Assets.xcassets in Resources */,
			);
			runOnlyForDeploymentPostprocessing = 0;
		};
/* End PBXResourcesBuildPhase section */

/* Begin PBXSourcesBuildPhase section */
		93DA6DA829D6B33000DAD2B6 /* Sources */ = {
			isa = PBXSourcesBuildPhase;
			buildActionMask = 2147483647;
			files = (
				939E599429DAC03C00BAD227 /* CreateProjectView.swift in Sources */,
				93DA6DB229D6B33000DAD2B6 /* ContentView.swift in Sources */,
				93DA6DBE29D6B8F400DAD2B6 /* MainHeaderView.swift in Sources */,
				93DA6DC329D6C0C000DAD2B6 /* Projects.swift in Sources */,
				939E599229D9EE9B00BAD227 /* AddProjectModal.swift in Sources */,
				93DA6DB029D6B33000DAD2B6 /* GDDeezNutzApp.swift in Sources */,
				93DA6DC529D6D86700DAD2B6 /* WhatsNext.swift in Sources */,
				93DA6DC029D6C00500DAD2B6 /* HomeCardsView.swift in Sources */,
			);
			runOnlyForDeploymentPostprocessing = 0;
		};
/* End PBXSourcesBuildPhase section */

/* Begin XCBuildConfiguration section */
		93DA6DB829D6B33100DAD2B6 /* Debug */ = {
			isa = XCBuildConfiguration;
			buildSettings = {
				ALWAYS_SEARCH_USER_PATHS = NO;
				CLANG_ANALYZER_NONNULL = YES;
				CLANG_ANALYZER_NUMBER_OBJECT_CONVERSION = YES_AGGRESSIVE;
				CLANG_CXX_LANGUAGE_STANDARD = "gnu++20";
				CLANG_ENABLE_MODULES = YES;
				CLANG_ENABLE_OBJC_ARC = YES;
				CLANG_ENABLE_OBJC_WEAK = YES;
				CLANG_WARN_BLOCK_CAPTURE_AUTORELEASING = YES;
				CLANG_WARN_BOOL_CONVERSION = YES;
				CLANG_WARN_COMMA = YES;
				CLANG_WARN_CONSTANT_CONVERSION = YES;
				CLANG_WARN_DEPRECATED_OBJC_IMPLEMENTATIONS = YES;
				CLANG_WARN_DIRECT_OBJC_ISA_USAGE = YES_ERROR;
				CLANG_WARN_DOCUMENTATION_COMMENTS = YES;
				CLANG_WARN_EMPTY_BODY = YES;
				CLANG_WARN_ENUM_CONVERSION = YES;
				CLANG_WARN_INFINITE_RECURSION = YES;
				CLANG_WARN_INT_CONVERSION = YES;
				CLANG_WARN_NON_LITERAL_NULL_CONVERSION = YES;
				CLANG_WARN_OBJC_IMPLICIT_RETAIN_SELF = YES;
				CLANG_WARN_OBJC_LITERAL_CONVERSION = YES;
				CLANG_WARN_OBJC_ROOT_CLASS = YES_ERROR;
				CLANG_WARN_QUOTED_INCLUDE_IN_FRAMEWORK_HEADER = YES;
				CLANG_WARN_RANGE_LOOP_ANALYSIS = YES;
				CLANG_WARN_STRICT_PROTOTYPES = YES;
				CLANG_WARN_SUSPICIOUS_MOVE = YES;
				CLANG_WARN_UNGUARDED_AVAILABILITY = YES_AGGRESSIVE;
				CLANG_WARN_UNREACHABLE_CODE = YES;
				CLANG_WARN__DUPLICATE_METHOD_MATCH = YES;
				COPY_PHASE_STRIP = NO;
				DEBUG_INFORMATION_FORMAT = dwarf;
				ENABLE_STRICT_OBJC_MSGSEND = YES;
				ENABLE_TESTABILITY = YES;
				GCC_C_LANGUAGE_STANDARD = gnu11;
				GCC_DYNAMIC_NO_PIC = NO;
				GCC_NO_COMMON_BLOCKS = YES;
				GCC_OPTIMIZATION_LEVEL = 0;
				GCC_PREPROCESSOR_DEFINITIONS = (
					"DEBUG=1",
					"$(inherited)",
				);
				GCC_WARN_64_TO_32_BIT_CONVERSION = YES;
				GCC_WARN_ABOUT_RETURN_TYPE = YES_ERROR;
				GCC_WARN_UNDECLARED_SELECTOR = YES;
				GCC_WARN_UNINITIALIZED_AUTOS = YES_AGGRESSIVE;
				GCC_WARN_UNUSED_FUNCTION = YES;
				GCC_WARN_UNUSED_VARIABLE = YES;
				IPHONEOS_DEPLOYMENT_TARGET = 16.2;
				MTL_ENABLE_DEBUG_INFO = INCLUDE_SOURCE;
				MTL_FAST_MATH = YES;
				ONLY_ACTIVE_ARCH = YES;
				SDKROOT = iphoneos;
				SWIFT_ACTIVE_COMPILATION_CONDITIONS = DEBUG;
				SWIFT_OPTIMIZATION_LEVEL = "-Onone";
			};
			name = Debug;
		};
		93DA6DB929D6B33100DAD2B6 /* Release */ = {
			isa = XCBuildConfiguration;
			buildSettings = {
				ALWAYS_SEARCH_USER_PATHS = NO;
				CLANG_ANALYZER_NONNULL = YES;
				CLANG_ANALYZER_NUMBER_OBJECT_CONVERSION = YES_AGGRESSIVE;
				CLANG_CXX_LANGUAGE_STANDARD = "gnu++20";
				CLANG_ENABLE_MODULES = YES;
				CLANG_ENABLE_OBJC_ARC = YES;
				CLANG_ENABLE_OBJC_WEAK = YES;
				CLANG_WARN_BLOCK_CAPTURE_AUTORELEASING = YES;
				CLANG_WARN_BOOL_CONVERSION = YES;
				CLANG_WARN_COMMA = YES;
				CLANG_WARN_CONSTANT_CONVERSION = YES;
				CLANG_WARN_DEPRECATED_OBJC_IMPLEMENTATIONS = YES;
				CLANG_WARN_DIRECT_OBJC_ISA_USAGE = YES_ERROR;
				CLANG_WARN_DOCUMENTATION_COMMENTS = YES;
				CLANG_WARN_EMPTY_BODY = YES;
				CLANG_WARN_ENUM_CONVERSION = YES;
				CLANG_WARN_INFINITE_RECURSION = YES;
				CLANG_WARN_INT_CONVERSION = YES;
				CLANG_WARN_NON_LITERAL_NULL_CONVERSION = YES;
				CLANG_WARN_OBJC_IMPLICIT_RETAIN_SELF = YES;
				CLANG_WARN_OBJC_LITERAL_CONVERSION = YES;
				CLANG_WARN_OBJC_ROOT_CLASS = YES_ERROR;
				CLANG_WARN_QUOTED_INCLUDE_IN_FRAMEWORK_HEADER = YES;
				CLANG_WARN_RANGE_LOOP_ANALYSIS = YES;
				CLANG_WARN_STRICT_PROTOTYPES = YES;
				CLANG_WARN_SUSPICIOUS_MOVE = YES;
				CLANG_WARN_UNGUARDED_AVAILABILITY = YES_AGGRESSIVE;
				CLANG_WARN_UNREACHABLE_CODE = YES;
				CLANG_WARN__DUPLICATE_METHOD_MATCH = YES;
				COPY_PHASE_STRIP = NO;
				DEBUG_INFORMATION_FORMAT = "dwarf-with-dsym";
				ENABLE_NS_ASSERTIONS = NO;
				ENABLE_STRICT_OBJC_MSGSEND = YES;
				GCC_C_LANGUAGE_STANDARD = gnu11;
				GCC_NO_COMMON_BLOCKS = YES;
				GCC_WARN_64_TO_32_BIT_CONVERSION = YES;
				GCC_WARN_ABOUT_RETURN_TYPE = YES_ERROR;
				GCC_WARN_UNDECLARED_SELECTOR = YES;
				GCC_WARN_UNINITIALIZED_AUTOS = YES_AGGRESSIVE;
				GCC_WARN_UNUSED_FUNCTION = YES;
				GCC_WARN_UNUSED_VARIABLE = YES;
				IPHONEOS_DEPLOYMENT_TARGET = 16.2;
				MTL_ENABLE_DEBUG_INFO = NO;
				MTL_FAST_MATH = YES;
				SDKROOT = iphoneos;
				SWIFT_COMPILATION_MODE = wholemodule;
				SWIFT_OPTIMIZATION_LEVEL = "-O";
				VALIDATE_PRODUCT = YES;
			};
			name = Release;
		};
		93DA6DBB29D6B33100DAD2B6 /* Debug */ = {
			isa = XCBuildConfiguration;
			buildSettings = {
				ASSETCATALOG_COMPILER_APPICON_NAME = AppIcon;
				ASSETCATALOG_COMPILER_GLOBAL_ACCENT_COLOR_NAME = AccentColor;
				CODE_SIGN_STYLE = Automatic;
				CURRENT_PROJECT_VERSION = 1;
				DEVELOPMENT_ASSET_PATHS = "\"GDDeezNutz/Preview Content\"";
				ENABLE_PREVIEWS = YES;
				GENERATE_INFOPLIST_FILE = YES;
				INFOPLIST_KEY_UIApplicationSceneManifest_Generation = YES;
				INFOPLIST_KEY_UIApplicationSupportsIndirectInputEvents = YES;
				INFOPLIST_KEY_UILaunchScreen_Generation = YES;
				INFOPLIST_KEY_UISupportedInterfaceOrientations_iPad = "UIInterfaceOrientationPortrait UIInterfaceOrientationPortraitUpsideDown UIInterfaceOrientationLandscapeLeft UIInterfaceOrientationLandscapeRight";
				INFOPLIST_KEY_UISupportedInterfaceOrientations_iPhone = "UIInterfaceOrientationPortrait UIInterfaceOrientationLandscapeLeft UIInterfaceOrientationLandscapeRight";
				LD_RUNPATH_SEARCH_PATHS = (
					"$(inherited)",
					"@executable_path/Frameworks",
				);
				MARKETING_VERSION = 1.0;
				PRODUCT_BUNDLE_IDENTIFIER = deeznutz.GDDeezNutz;
				PRODUCT_NAME = "$(TARGET_NAME)";
				SWIFT_EMIT_LOC_STRINGS = YES;
				SWIFT_VERSION = 5.0;
				TARGETED_DEVICE_FAMILY = "1,2";
			};
			name = Debug;
		};
		93DA6DBC29D6B33100DAD2B6 /* Release */ = {
			isa = XCBuildConfiguration;
			buildSettings = {
				ASSETCATALOG_COMPILER_APPICON_NAME = AppIcon;
				ASSETCATALOG_COMPILER_GLOBAL_ACCENT_COLOR_NAME = AccentColor;
				CODE_SIGN_STYLE = Automatic;
				CURRENT_PROJECT_VERSION = 1;
				DEVELOPMENT_ASSET_PATHS = "\"GDDeezNutz/Preview Content\"";
				ENABLE_PREVIEWS = YES;
				GENERATE_INFOPLIST_FILE = YES;
				INFOPLIST_KEY_UIApplicationSceneManifest_Generation = YES;
				INFOPLIST_KEY_UIApplicationSupportsIndirectInputEvents = YES;
				INFOPLIST_KEY_UILaunchScreen_Generation = YES;
				INFOPLIST_KEY_UISupportedInterfaceOrientations_iPad = "UIInterfaceOrientationPortrait UIInterfaceOrientationPortraitUpsideDown UIInterfaceOrientationLandscapeLeft UIInterfaceOrientationLandscapeRight";
				INFOPLIST_KEY_UISupportedInterfaceOrientations_iPhone = "UIInterfaceOrientationPortrait UIInterfaceOrientationLandscapeLeft UIInterfaceOrientationLandscapeRight";
				LD_RUNPATH_SEARCH_PATHS = (
					"$(inherited)",
					"@executable_path/Frameworks",
				);
				MARKETING_VERSION = 1.0;
				PRODUCT_BUNDLE_IDENTIFIER = deeznutz.GDDeezNutz;
				PRODUCT_NAME = "$(TARGET_NAME)";
				SWIFT_EMIT_LOC_STRINGS = YES;
				SWIFT_VERSION = 5.0;
				TARGETED_DEVICE_FAMILY = "1,2";
			};
			name = Release;
		};
/* End XCBuildConfiguration section */

/* Begin XCConfigurationList section */
		93DA6DA729D6B33000DAD2B6 /* Build configuration list for PBXProject "GDDeezNutz" */ = {
			isa = XCConfigurationList;
			buildConfigurations = (
				93DA6DB829D6B33100DAD2B6 /* Debug */,
				93DA6DB929D6B33100DAD2B6 /* Release */,
			);
			defaultConfigurationIsVisible = 0;
			defaultConfigurationName = Release;
		};
		93DA6DBA29D6B33100DAD2B6 /* Build configuration list for PBXNativeTarget "GDDeezNutz" */ = {
			isa = XCConfigurationList;
			buildConfigurations = (
				93DA6DBB29D6B33100DAD2B6 /* Debug */,
				93DA6DBC29D6B33100DAD2B6 /* Release */,
			);
			defaultConfigurationIsVisible = 0;
			defaultConfigurationName = Release;
		};
/* End XCConfigurationList section */
	};
	rootObject = 93DA6DA429D6B33000DAD2B6 /* Project object */;
}
